
Microsoft Visual Studio Solution File, Format Version 12.00
# Visual Studio Version 17
VisualStudioVersion = 17.14.36414.22 d17.14
MinimumVisualStudioVersion = 10.0.40219.1
Project("{2150E333-8FDC-42A3-9474-1A3956D46DE8}") = "Task0", "Task0", "{02EA681E-C7D8-13C7-8484-4AC65E1B71E8}"
EndProject
Project("{FAE04EC0-301F-11D3-BF4B-00C04F79EFBC}") = "Tyuiu.ZheleznyakDN.Sprint3.Task0.V15", "Tyuiu.ZheleznyakDN.Sprint3.Task0.V15\Tyuiu.ZheleznyakDN.Sprint3.Task0.V15.csproj", "{4F9DA7D1-52F7-48D0-A91D-EE5CC035DEC5}"
EndProject
Project("{FAE04EC0-301F-11D3-BF4B-00C04F79EFBC}") = "Tyuiu.ZheleznyakDN.Sprint3.Task0.V15.Lib", "Tyuiu.ZheleznyakDN.Sprint3.Task0.V15.Lib\Tyuiu.ZheleznyakDN.Sprint3.Task0.V15.Lib.csproj", "{C529800E-D464-4D53-B1FE-FD8DE6FB0970}"
EndProject
Project("{FAE04EC0-301F-11D3-BF4B-00C04F79EFBC}") = "Tyuiu.ZheleznyakDN.Sprint3.Task0.V15.Test", "Tyuiu.ZheleznyakDN.Sprint3.Task0.V15.Test\Tyuiu.ZheleznyakDN.Sprint3.Task0.V15.Test.csproj", "{93884E62-68E4-40DF-B40C-3DF2556199C2}"
EndProject
Project("{2150E333-8FDC-42A3-9474-1A3956D46DE8}") = "Task1", "Task1", "{6230B965-33B8-43D2-8F91-FDF768ADF461}"
EndProject
Project("{FAE04EC0-301F-11D3-BF4B-00C04F79EFBC}") = "Tyuiu.ZheleznyakDN.Sprint3.Task1.V2", "Tyuiu.ZheleznyakDN.Sprint3.Task1.V2\Tyuiu.ZheleznyakDN.Sprint3.Task1.V2.csproj", "{8310997D-40EC-49D3-86A2-526AB2BDFE67}"
EndProject
Project("{FAE04EC0-301F-11D3-BF4B-00C04F79EFBC}") = "Tyuiu.ZheleznyakDN.Sprint3.Task1.V2.Lib", "Tyuiu.ZheleznyakDN.Sprint3.Task1.V2.Lib\Tyuiu.ZheleznyakDN.Sprint3.Task1.V2.Lib.csproj", "{DCDD3BC7-32E3-4A4D-906E-65174D151E48}"
EndProject
Project("{FAE04EC0-301F-11D3-BF4B-00C04F79EFBC}") = "Tyuiu.ZheleznyakDN.Sprint3.Task1.V2.Test", "Tyuiu.ZheleznyakDN.Sprint3.Task1.V2.Test\Tyuiu.ZheleznyakDN.Sprint3.Task1.V2.Test.csproj", "{0B518D6B-6479-4290-ACBA-F267A9F138BF}"
EndProject
Project("{2150E333-8FDC-42A3-9474-1A3956D46DE8}") = "Task2", "Task2", "{4751CDD9-269A-41E1-B5A5-C12ACAE767C5}"
EndProject
Project("{FAE04EC0-301F-11D3-BF4B-00C04F79EFBC}") = "Tyuiu.ZheleznyakDN.Sprint3.Task2.V23", "Tyuiu.ZheleznyakDN.Sprint3.Task2.V23\Tyuiu.ZheleznyakDN.Sprint3.Task2.V23.csproj", "{9EC63AAE-8BAD-4A6F-BB36-66611D18439D}"
EndProject
Project("{FAE04EC0-301F-11D3-BF4B-00C04F79EFBC}") = "Tyuiu.ZheleznyakDN.Sprint3.Task2.V23.Lib", "Tyuiu.ZheleznyakDN.Sprint3.Task2.V23.Lib\Tyuiu.ZheleznyakDN.Sprint3.Task2.V23.Lib.csproj", "{79F9D4E6-7062-4E2C-94A3-3EEA58E836A0}"
EndProject
Project("{FAE04EC0-301F-11D3-BF4B-00C04F79EFBC}") = "Tyuiu.ZheleznyakDN.Sprint3.Task2.V23.Test", "Tyuiu.ZheleznyakDN.Sprint3.Task2.V23.Test\Tyuiu.ZheleznyakDN.Sprint3.Task2.V23.Test.csproj", "{72BF94ED-346E-4548-9A50-6133B1841DE5}"
EndProject
Project("{2150E333-8FDC-42A3-9474-1A3956D46DE8}") = "Task3", "Task3", "{1281D9AC-B8A3-4A87-B806-972B2A7CD732}"
EndProject
Project("{FAE04EC0-301F-11D3-BF4B-00C04F79EFBC}") = "Tyuiu.ZheleznyakDN.Sprint3.Task3.V24", "Tyuiu.ZheleznyakDN.Sprint3.Task3.V24\Tyuiu.ZheleznyakDN.Sprint3.Task3.V24.csproj", "{6D3190E1-CC00-4BA7-BEF6-C2252F588CBD}"
EndProject
Project("{FAE04EC0-301F-11D3-BF4B-00C04F79EFBC}") = "Tyuiu.ZheleznyakDN.Sprint3.Task3.V24.Lib", "Tyuiu.ZheleznyakDN.Sprint3.Task3.V24.Lib\Tyuiu.ZheleznyakDN.Sprint3.Task3.V24.Lib.csproj", "{42263CFF-E861-415C-B635-B93F6991FB3A}"
EndProject
Project("{FAE04EC0-301F-11D3-BF4B-00C04F79EFBC}") = "Tyuiu.ZheleznyakDN.Sprint3.Task3.V24.Test", "Tyuiu.ZheleznyakDN.Sprint3.Task3.V24.Test\Tyuiu.ZheleznyakDN.Sprint3.Task3.V24.Test.csproj", "{8E5367F4-7624-4CEA-91A9-561F647CBDB6}"
EndProject
Project("{2150E333-8FDC-42A3-9474-1A3956D46DE8}") = "Task4", "Task4", "{9F0BFC3F-6E50-4B03-93D4-5D2BE502B681}"
EndProject
Project("{FAE04EC0-301F-11D3-BF4B-00C04F79EFBC}") = "Tyuiu.ZheleznyakDN.Sprint3.Task4.V29", "Tyuiu.ZheleznyakDN.Sprint3.Task4.V29\Tyuiu.ZheleznyakDN.Sprint3.Task4.V29.csproj", "{E4CF0C74-054E-4035-A8CB-1CA7108D1874}"
EndProject
Project("{FAE04EC0-301F-11D3-BF4B-00C04F79EFBC}") = "Tyuiu.ZheleznyakDN.Sprint3.Task4.V29.Lib", "Tyuiu.ZheleznyakDN.Sprint3.Task4.V29.Lib\Tyuiu.ZheleznyakDN.Sprint3.Task4.V29.Lib.csproj", "{B8A84270-5DD0-4EFB-950F-E41AF6330579}"
EndProject
Project("{FAE04EC0-301F-11D3-BF4B-00C04F79EFBC}") = "Tyuiu.ZheleznyakDN.Sprint3.Task4.V29.Test", "Tyuiu.ZheleznyakDN.Sprint3.Task4.V29.Test\Tyuiu.ZheleznyakDN.Sprint3.Task4.V29.Test.csproj", "{638AB601-F39B-40F3-9A4C-E1054C42BA29}"
EndProject
Project("{2150E333-8FDC-42A3-9474-1A3956D46DE8}") = "Task5", "Task5", "{E2C63BB6-9078-4535-B71D-5B4281AEEA1A}"
EndProject
Project("{FAE04EC0-301F-11D3-BF4B-00C04F79EFBC}") = "Tyuiu.ZheleznyakDN.Sprint3.Task5.V4", "Tyuiu.ZheleznyakDN.Sprint3.Task5.V4\Tyuiu.ZheleznyakDN.Sprint3.Task5.V4.csproj", "{12376C50-1AC4-4D44-9546-5638BFA8DA7E}"
EndProject
Project("{FAE04EC0-301F-11D3-BF4B-00C04F79EFBC}") = "Tyuiu.ZheleznyakDN.Sprint3.Task5.V4.Lib", "Tyuiu.ZheleznyakDN.Sprint3.Task5.V4.Lib\Tyuiu.ZheleznyakDN.Sprint3.Task5.V4.Lib.csproj", "{170C1B55-9354-47AB-AC85-FCC787C332BD}"
EndProject
Project("{FAE04EC0-301F-11D3-BF4B-00C04F79EFBC}") = "Tyuiu.ZheleznyakDN.Sprint3.Task5.V4.Test", "Tyuiu.ZheleznyakDN.Sprint3.Task5.V4.Test\Tyuiu.ZheleznyakDN.Sprint3.Task5.V4.Test.csproj", "{35BA762C-AF04-4255-B31F-1D34E767DF3E}"
EndProject
Project("{2150E333-8FDC-42A3-9474-1A3956D46DE8}") = "Task6", "Task6", "{309165B4-3F99-4772-BB28-0D8E75C9CA7B}"
EndProject
Project("{FAE04EC0-301F-11D3-BF4B-00C04F79EFBC}") = "Tyuiu.ZheleznyakDN.Sprint3.Task6.V2", "Tyuiu.ZheleznyakDN.Sprint3.Task6.V2\Tyuiu.ZheleznyakDN.Sprint3.Task6.V2.csproj", "{D50EF31F-9C13-4BA8-930F-723F41CF8D3B}"
EndProject
Project("{FAE04EC0-301F-11D3-BF4B-00C04F79EFBC}") = "Tyuiu.ZheleznyakDN.Sprint3.Task6.V2.Lib", "Tyuiu.ZheleznyakDN.Sprint3.Task6.V2.Lib\Tyuiu.ZheleznyakDN.Sprint3.Task6.V2.Lib.csproj", "{AE167E8D-21CC-4297-BDF4-99A46E16A312}"
EndProject
Project("{FAE04EC0-301F-11D3-BF4B-00C04F79EFBC}") = "Tyuiu.ZheleznyakDN.Sprint3.Task6.V2.Test", "Tyuiu.ZheleznyakDN.Sprint3.Task6.V2.Test\Tyuiu.ZheleznyakDN.Sprint3.Task6.V2.Test.csproj", "{8721CDFE-2F43-4F02-851F-395642CA5638}"
EndProject
Global
	GlobalSection(SolutionConfigurationPlatforms) = preSolution
		Debug|Any CPU = Debug|Any CPU
		Release|Any CPU = Release|Any CPU
	EndGlobalSection
	GlobalSection(ProjectConfigurationPlatforms) = postSolution
		{4F9DA7D1-52F7-48D0-A91D-EE5CC035DEC5}.Debug|Any CPU.ActiveCfg = Debug|Any CPU
		{4F9DA7D1-52F7-48D0-A91D-EE5CC035DEC5}.Debug|Any CPU.Build.0 = Debug|Any CPU
		{4F9DA7D1-52F7-48D0-A91D-EE5CC035DEC5}.Release|Any CPU.ActiveCfg = Release|Any CPU
		{4F9DA7D1-52F7-48D0-A91D-EE5CC035DEC5}.Release|Any CPU.Build.0 = Release|Any CPU
		{C529800E-D464-4D53-B1FE-FD8DE6FB0970}.Debug|Any CPU.ActiveCfg = Debug|Any CPU
		{C529800E-D464-4D53-B1FE-FD8DE6FB0970}.Debug|Any CPU.Build.0 = Debug|Any CPU
		{C529800E-D464-4D53-B1FE-FD8DE6FB0970}.Release|Any CPU.ActiveCfg = Release|Any CPU
		{C529800E-D464-4D53-B1FE-FD8DE6FB0970}.Release|Any CPU.Build.0 = Release|Any CPU
		{93884E62-68E4-40DF-B40C-3DF2556199C2}.Debug|Any CPU.ActiveCfg = Debug|Any CPU
		{93884E62-68E4-40DF-B40C-3DF2556199C2}.Debug|Any CPU.Build.0 = Debug|Any CPU
		{93884E62-68E4-40DF-B40C-3DF2556199C2}.Release|Any CPU.ActiveCfg = Release|Any CPU
		{93884E62-68E4-40DF-B40C-3DF2556199C2}.Release|Any CPU.Build.0 = Release|Any CPU
		{8310997D-40EC-49D3-86A2-526AB2BDFE67}.Debug|Any CPU.ActiveCfg = Debug|Any CPU
		{8310997D-40EC-49D3-86A2-526AB2BDFE67}.Debug|Any CPU.Build.0 = Debug|Any CPU
		{8310997D-40EC-49D3-86A2-526AB2BDFE67}.Release|Any CPU.ActiveCfg = Release|Any CPU
		{8310997D-40EC-49D3-86A2-526AB2BDFE67}.Release|Any CPU.Build.0 = Release|Any CPU
		{DCDD3BC7-32E3-4A4D-906E-65174D151E48}.Debug|Any CPU.ActiveCfg = Debug|Any CPU
		{DCDD3BC7-32E3-4A4D-906E-65174D151E48}.Debug|Any CPU.Build.0 = Debug|Any CPU
		{DCDD3BC7-32E3-4A4D-906E-65174D151E48}.Release|Any CPU.ActiveCfg = Release|Any CPU
		{DCDD3BC7-32E3-4A4D-906E-65174D151E48}.Release|Any CPU.Build.0 = Release|Any CPU
		{0B518D6B-6479-4290-ACBA-F267A9F138BF}.Debug|Any CPU.ActiveCfg = Debug|Any CPU
		{0B518D6B-6479-4290-ACBA-F267A9F138BF}.Debug|Any CPU.Build.0 = Debug|Any CPU
		{0B518D6B-6479-4290-ACBA-F267A9F138BF}.Release|Any CPU.ActiveCfg = Release|Any CPU
		{0B518D6B-6479-4290-ACBA-F267A9F138BF}.Release|Any CPU.Build.0 = Release|Any CPU
		{9EC63AAE-8BAD-4A6F-BB36-66611D18439D}.Debug|Any CPU.ActiveCfg = Debug|Any CPU
		{9EC63AAE-8BAD-4A6F-BB36-66611D18439D}.Debug|Any CPU.Build.0 = Debug|Any CPU
		{9EC63AAE-8BAD-4A6F-BB36-66611D18439D}.Release|Any CPU.ActiveCfg = Release|Any CPU
		{9EC63AAE-8BAD-4A6F-BB36-66611D18439D}.Release|Any CPU.Build.0 = Release|Any CPU
		{79F9D4E6-7062-4E2C-94A3-3EEA58E836A0}.Debug|Any CPU.ActiveCfg = Debug|Any CPU
		{79F9D4E6-7062-4E2C-94A3-3EEA58E836A0}.Debug|Any CPU.Build.0 = Debug|Any CPU
		{79F9D4E6-7062-4E2C-94A3-3EEA58E836A0}.Release|Any CPU.ActiveCfg = Release|Any CPU
		{79F9D4E6-7062-4E2C-94A3-3EEA58E836A0}.Release|Any CPU.Build.0 = Release|Any CPU
		{72BF94ED-346E-4548-9A50-6133B1841DE5}.Debug|Any CPU.ActiveCfg = Debug|Any CPU
		{72BF94ED-346E-4548-9A50-6133B1841DE5}.Debug|Any CPU.Build.0 = Debug|Any CPU
		{72BF94ED-346E-4548-9A50-6133B1841DE5}.Release|Any CPU.ActiveCfg = Release|Any CPU
		{72BF94ED-346E-4548-9A50-6133B1841DE5}.Release|Any CPU.Build.0 = Release|Any CPU
		{6D3190E1-CC00-4BA7-BEF6-C2252F588CBD}.Debug|Any CPU.ActiveCfg = Debug|Any CPU
		{6D3190E1-CC00-4BA7-BEF6-C2252F588CBD}.Debug|Any CPU.Build.0 = Debug|Any CPU
		{6D3190E1-CC00-4BA7-BEF6-C2252F588CBD}.Release|Any CPU.ActiveCfg = Release|Any CPU
		{6D3190E1-CC00-4BA7-BEF6-C2252F588CBD}.Release|Any CPU.Build.0 = Release|Any CPU
		{42263CFF-E861-415C-B635-B93F6991FB3A}.Debug|Any CPU.ActiveCfg = Debug|Any CPU
		{42263CFF-E861-415C-B635-B93F6991FB3A}.Debug|Any CPU.Build.0 = Debug|Any CPU
		{42263CFF-E861-415C-B635-B93F6991FB3A}.Release|Any CPU.ActiveCfg = Release|Any CPU
		{42263CFF-E861-415C-B635-B93F6991FB3A}.Release|Any CPU.Build.0 = Release|Any CPU
		{8E5367F4-7624-4CEA-91A9-561F647CBDB6}.Debug|Any CPU.ActiveCfg = Debug|Any CPU
		{8E5367F4-7624-4CEA-91A9-561F647CBDB6}.Debug|Any CPU.Build.0 = Debug|Any CPU
		{8E5367F4-7624-4CEA-91A9-561F647CBDB6}.Release|Any CPU.ActiveCfg = Release|Any CPU
		{8E5367F4-7624-4CEA-91A9-561F647CBDB6}.Release|Any CPU.Build.0 = Release|Any CPU
		{E4CF0C74-054E-4035-A8CB-1CA7108D1874}.Debug|Any CPU.ActiveCfg = Debug|Any CPU
		{E4CF0C74-054E-4035-A8CB-1CA7108D1874}.Debug|Any CPU.Build.0 = Debug|Any CPU
		{E4CF0C74-054E-4035-A8CB-1CA7108D1874}.Release|Any CPU.ActiveCfg = Release|Any CPU
		{E4CF0C74-054E-4035-A8CB-1CA7108D1874}.Release|Any CPU.Build.0 = Release|Any CPU
		{B8A84270-5DD0-4EFB-950F-E41AF6330579}.Debug|Any CPU.ActiveCfg = Debug|Any CPU
		{B8A84270-5DD0-4EFB-950F-E41AF6330579}.Debug|Any CPU.Build.0 = Debug|Any CPU
		{B8A84270-5DD0-4EFB-950F-E41AF6330579}.Release|Any CPU.ActiveCfg = Release|Any CPU
		{B8A84270-5DD0-4EFB-950F-E41AF6330579}.Release|Any CPU.Build.0 = Release|Any CPU
		{638AB601-F39B-40F3-9A4C-E1054C42BA29}.Debug|Any CPU.ActiveCfg = Debug|Any CPU
		{638AB601-F39B-40F3-9A4C-E1054C42BA29}.Debug|Any CPU.Build.0 = Debug|Any CPU
		{638AB601-F39B-40F3-9A4C-E1054C42BA29}.Release|Any CPU.ActiveCfg = Release|Any CPU
		{638AB601-F39B-40F3-9A4C-E1054C42BA29}.Release|Any CPU.Build.0 = Release|Any CPU
		{12376C50-1AC4-4D44-9546-5638BFA8DA7E}.Debug|Any CPU.ActiveCfg = Debug|Any CPU
		{12376C50-1AC4-4D44-9546-5638BFA8DA7E}.Debug|Any CPU.Build.0 = Debug|Any CPU
		{12376C50-1AC4-4D44-9546-5638BFA8DA7E}.Release|Any CPU.ActiveCfg = Release|Any CPU
		{12376C50-1AC4-4D44-9546-5638BFA8DA7E}.Release|Any CPU.Build.0 = Release|Any CPU
		{170C1B55-9354-47AB-AC85-FCC787C332BD}.Debug|Any CPU.ActiveCfg = Debug|Any CPU
		{170C1B55-9354-47AB-AC85-FCC787C332BD}.Debug|Any CPU.Build.0 = Debug|Any CPU
		{170C1B55-9354-47AB-AC85-FCC787C332BD}.Release|Any CPU.ActiveCfg = Release|Any CPU
		{170C1B55-9354-47AB-AC85-FCC787C332BD}.Release|Any CPU.Build.0 = Release|Any CPU
		{35BA762C-AF04-4255-B31F-1D34E767DF3E}.Debug|Any CPU.ActiveCfg = Debug|Any CPU
		{35BA762C-AF04-4255-B31F-1D34E767DF3E}.Debug|Any CPU.Build.0 = Debug|Any CPU
		{35BA762C-AF04-4255-B31F-1D34E767DF3E}.Release|Any CPU.ActiveCfg = Release|Any CPU
		{35BA762C-AF04-4255-B31F-1D34E767DF3E}.Release|Any CPU.Build.0 = Release|Any CPU
		{D50EF31F-9C13-4BA8-930F-723F41CF8D3B}.Debug|Any CPU.ActiveCfg = Debug|Any CPU
		{D50EF31F-9C13-4BA8-930F-723F41CF8D3B}.Debug|Any CPU.Build.0 = Debug|Any CPU
		{D50EF31F-9C13-4BA8-930F-723F41CF8D3B}.Release|Any CPU.ActiveCfg = Release|Any CPU
		{D50EF31F-9C13-4BA8-930F-723F41CF8D3B}.Release|Any CPU.Build.0 = Release|Any CPU
		{AE167E8D-21CC-4297-BDF4-99A46E16A312}.Debug|Any CPU.ActiveCfg = Debug|Any CPU
		{AE167E8D-21CC-4297-BDF4-99A46E16A312}.Debug|Any CPU.Build.0 = Debug|Any CPU
		{AE167E8D-21CC-4297-BDF4-99A46E16A312}.Release|Any CPU.ActiveCfg = Release|Any CPU
		{AE167E8D-21CC-4297-BDF4-99A46E16A312}.Release|Any CPU.Build.0 = Release|Any CPU
		{8721CDFE-2F43-4F02-851F-395642CA5638}.Debug|Any CPU.ActiveCfg = Debug|Any CPU
		{8721CDFE-2F43-4F02-851F-395642CA5638}.Debug|Any CPU.Build.0 = Debug|Any CPU
		{8721CDFE-2F43-4F02-851F-395642CA5638}.Release|Any CPU.ActiveCfg = Release|Any CPU
		{8721CDFE-2F43-4F02-851F-395642CA5638}.Release|Any CPU.Build.0 = Release|Any CPU
	EndGlobalSection
	GlobalSection(SolutionProperties) = preSolution
		HideSolutionNode = FALSE
	EndGlobalSection
	GlobalSection(NestedProjects) = preSolution
		{4F9DA7D1-52F7-48D0-A91D-EE5CC035DEC5} = {02EA681E-C7D8-13C7-8484-4AC65E1B71E8}
		{C529800E-D464-4D53-B1FE-FD8DE6FB0970} = {02EA681E-C7D8-13C7-8484-4AC65E1B71E8}
		{93884E62-68E4-40DF-B40C-3DF2556199C2} = {02EA681E-C7D8-13C7-8484-4AC65E1B71E8}
		{8310997D-40EC-49D3-86A2-526AB2BDFE67} = {6230B965-33B8-43D2-8F91-FDF768ADF461}
		{DCDD3BC7-32E3-4A4D-906E-65174D151E48} = {6230B965-33B8-43D2-8F91-FDF768ADF461}
		{0B518D6B-6479-4290-ACBA-F267A9F138BF} = {6230B965-33B8-43D2-8F91-FDF768ADF461}
		{9EC63AAE-8BAD-4A6F-BB36-66611D18439D} = {4751CDD9-269A-41E1-B5A5-C12ACAE767C5}
		{79F9D4E6-7062-4E2C-94A3-3EEA58E836A0} = {4751CDD9-269A-41E1-B5A5-C12ACAE767C5}
		{72BF94ED-346E-4548-9A50-6133B1841DE5} = {4751CDD9-269A-41E1-B5A5-C12ACAE767C5}
		{6D3190E1-CC00-4BA7-BEF6-C2252F588CBD} = {1281D9AC-B8A3-4A87-B806-972B2A7CD732}
		{42263CFF-E861-415C-B635-B93F6991FB3A} = {1281D9AC-B8A3-4A87-B806-972B2A7CD732}
		{8E5367F4-7624-4CEA-91A9-561F647CBDB6} = {1281D9AC-B8A3-4A87-B806-972B2A7CD732}
		{E4CF0C74-054E-4035-A8CB-1CA7108D1874} = {9F0BFC3F-6E50-4B03-93D4-5D2BE502B681}
		{B8A84270-5DD0-4EFB-950F-E41AF6330579} = {9F0BFC3F-6E50-4B03-93D4-5D2BE502B681}
		{638AB601-F39B-40F3-9A4C-E1054C42BA29} = {9F0BFC3F-6E50-4B03-93D4-5D2BE502B681}
		{12376C50-1AC4-4D44-9546-5638BFA8DA7E} = {E2C63BB6-9078-4535-B71D-5B4281AEEA1A}
		{170C1B55-9354-47AB-AC85-FCC787C332BD} = {E2C63BB6-9078-4535-B71D-5B4281AEEA1A}
		{35BA762C-AF04-4255-B31F-1D34E767DF3E} = {E2C63BB6-9078-4535-B71D-5B4281AEEA1A}
		{D50EF31F-9C13-4BA8-930F-723F41CF8D3B} = {309165B4-3F99-4772-BB28-0D8E75C9CA7B}
		{AE167E8D-21CC-4297-BDF4-99A46E16A312} = {309165B4-3F99-4772-BB28-0D8E75C9CA7B}
		{8721CDFE-2F43-4F02-851F-395642CA5638} = {309165B4-3F99-4772-BB28-0D8E75C9CA7B}
	EndGlobalSection
	GlobalSection(ExtensibilityGlobals) = postSolution
		SolutionGuid = {BD9549B3-81E7-49CC-A132-D9A0EE9B330A}
	EndGlobalSection
EndGlobal
